
Microsoft Visual Studio Solution File, Format Version 12.00
# Visual Studio Version 16
VisualStudioVersion = 16.0.29609.76
MinimumVisualStudioVersion = 10.0.40219.1
Project("{FAE04EC0-301F-11D3-BF4B-00C04F79EFBC}") = "TicTacToe", "TicTacToe\TicTacToe.csproj", "{9C254DEF-1C79-4EEE-A8D4-8E654CF87084}"
EndProject
Project("{FAE04EC0-301F-11D3-BF4B-00C04F79EFBC}") = "TicTacToeFunctionality", "TicTacToeFunctionality\TicTacToeFunctionality.csproj", "{153A0AE8-27E4-45FD-B1D8-7CC68DA8A54F}"
EndProject
Project("{FAE04EC0-301F-11D3-BF4B-00C04F79EFBC}") = "FunctionalityTest", "FunctionalityTest\FunctionalityTest.csproj", "{C883CD77-945B-4658-A913-DF5494D18A54}"
EndProject
Global
	GlobalSection(SolutionConfigurationPlatforms) = preSolution
		Debug|Any CPU = Debug|Any CPU
		Release|Any CPU = Release|Any CPU
	EndGlobalSection
	GlobalSection(ProjectConfigurationPlatforms) = postSolution
		{9C254DEF-1C79-4EEE-A8D4-8E654CF87084}.Debug|Any CPU.ActiveCfg = Debug|Any CPU
		{9C254DEF-1C79-4EEE-A8D4-8E654CF87084}.Debug|Any CPU.Build.0 = Debug|Any CPU
		{9C254DEF-1C79-4EEE-A8D4-8E654CF87084}.Release|Any CPU.ActiveCfg = Release|Any CPU
		{9C254DEF-1C79-4EEE-A8D4-8E654CF87084}.Release|Any CPU.Build.0 = Release|Any CPU
		{153A0AE8-27E4-45FD-B1D8-7CC68DA8A54F}.Debug|Any CPU.ActiveCfg = Debug|Any CPU
		{153A0AE8-27E4-45FD-B1D8-7CC68DA8A54F}.Debug|Any CPU.Build.0 = Debug|Any CPU
		{153A0AE8-27E4-45FD-B1D8-7CC68DA8A54F}.Release|Any CPU.ActiveCfg = Release|Any CPU
		{153A0AE8-27E4-45FD-B1D8-7CC68DA8A54F}.Release|Any CPU.Build.0 = Release|Any CPU
		{C883CD77-945B-4658-A913-DF5494D18A54}.Debug|Any CPU.ActiveCfg = Debug|Any CPU
		{C883CD77-945B-4658-A913-DF5494D18A54}.Debug|Any CPU.Build.0 = Debug|Any CPU
		{C883CD77-945B-4658-A913-DF5494D18A54}.Release|Any CPU.ActiveCfg = Release|Any CPU
		{C883CD77-945B-4658-A913-DF5494D18A54}.Release|Any CPU.Build.0 = Release|Any CPU
	EndGlobalSection
	GlobalSection(SolutionProperties) = preSolution
		HideSolutionNode = FALSE
	EndGlobalSection
	GlobalSection(ExtensibilityGlobals) = postSolution
		SolutionGuid = {4BDABFAF-9F6C-4CE7-9BD1-200228C02D40}
	EndGlobalSection
EndGlobal
